
Microsoft Visual Studio Solution File, Format Version 12.00
# Visual Studio Version 16
VisualStudioVersion = 16.0.28803.156
MinimumVisualStudioVersion = 10.0.40219.1
Project("{8BC9CEB8-8B4A-11D0-8D11-00A0C91BC942}") = "programming", "programming\programming.vcxproj", "{42ECF206-98C2-4000-A9D2-A428498680AC}"
EndProject
Global
	GlobalSection(SolutionConfigurationPlatforms) = preSolution
		Debug|x64 = Debug|x64
		Debug|x86 = Debug|x86
		Release|x64 = Release|x64
		Release|x86 = Release|x86
	EndGlobalSection
	GlobalSection(ProjectConfigurationPlatforms) = postSolution
		{42ECF206-98C2-4000-A9D2-A428498680AC}.Debug|x64.ActiveCfg = Debug|x64
		{42ECF206-98C2-4000-A9D2-A428498680AC}.Debug|x64.Build.0 = Debug|x64
		{42ECF206-98C2-4000-A9D2-A428498680AC}.Debug|x86.ActiveCfg = Debug|Win32
		{42ECF206-98C2-4000-A9D2-A428498680AC}.Debug|x86.Build.0 = Debug|Win32
		{42ECF206-98C2-4000-A9D2-A428498680AC}.Release|x64.ActiveCfg = Release|x64
		{42ECF206-98C2-4000-A9D2-A428498680AC}.Release|x64.Build.0 = Release|x64
		{42ECF206-98C2-4000-A9D2-A428498680AC}.Release|x86.ActiveCfg = Release|Win32
		{42ECF206-98C2-4000-A9D2-A428498680AC}.Release|x86.Build.0 = Release|Win32
	EndGlobalSection
	GlobalSection(SolutionProperties) = preSolution
		HideSolutionNode = FALSE
	EndGlobalSection
	GlobalSection(ExtensibilityGlobals) = postSolution
		SolutionGuid = {39114F5C-F2B8-4631-B05B-ABF1781A3E8C}
	EndGlobalSection
EndGlobal
